
Microsoft Visual Studio Solution File, Format Version 12.00
# Visual Studio Version 17
VisualStudioVersion = 17.5.33516.290
MinimumVisualStudioVersion = 10.0.40219.1
Project("{2150E333-8FDC-42A3-9474-1A3956D46DE8}") = "src", "src", "{0732F205-2F65-497A-A696-A2EEFEFBC7C8}"
EndProject
Project("{2150E333-8FDC-42A3-9474-1A3956D46DE8}") = "test", "test", "{4D0C9CE0-E5F1-4A2B-9204-8A13A13A753C}"
	ProjectSection(SolutionItems) = preProject
		.gitkeep = .gitkeep
	EndProjectSection
EndProject
Project("{2150E333-8FDC-42A3-9474-1A3956D46DE8}") = "API", "API", "{DB427575-A966-4E94-AC7B-54B74C47E58B}"
	ProjectSection(SolutionItems) = preProject
		.gitkeep = .gitkeep
	EndProjectSection
EndProject
Project("{2150E333-8FDC-42A3-9474-1A3956D46DE8}") = "Core", "Core", "{AF27276C-2B5F-4FE8-8120-FC8B29D6FAD3}"
	ProjectSection(SolutionItems) = preProject
		.gitkeep = .gitkeep
	EndProjectSection
EndProject
Project("{2150E333-8FDC-42A3-9474-1A3956D46DE8}") = "Infrastructure", "Infrastructure", "{88AB20AA-FFE1-46E7-92D4-76B99DF0DBBF}"
	ProjectSection(SolutionItems) = preProject
		.gitkeep = .gitkeep
	EndProjectSection
EndProject
Global
	GlobalSection(SolutionProperties) = preSolution
		HideSolutionNode = FALSE
	EndGlobalSection
	GlobalSection(NestedProjects) = preSolution
		{DB427575-A966-4E94-AC7B-54B74C47E58B} = {0732F205-2F65-497A-A696-A2EEFEFBC7C8}
		{AF27276C-2B5F-4FE8-8120-FC8B29D6FAD3} = {0732F205-2F65-497A-A696-A2EEFEFBC7C8}
		{88AB20AA-FFE1-46E7-92D4-76B99DF0DBBF} = {0732F205-2F65-497A-A696-A2EEFEFBC7C8}
	EndGlobalSection
	GlobalSection(ExtensibilityGlobals) = postSolution
		SolutionGuid = {1BB15F23-8251-44F9-80F3-FF6A1385EB4A}
	EndGlobalSection
EndGlobal
