
Microsoft Visual Studio Solution File, Format Version 12.00
# Visual Studio Version 17
VisualStudioVersion = 17.5.33516.290
MinimumVisualStudioVersion = 10.0.40219.1
Project("{2150E333-8FDC-42A3-9474-1A3956D46DE8}") = "src", "src", "{0732F205-2F65-497A-A696-A2EEFEFBC7C8}"
EndProject
Project("{2150E333-8FDC-42A3-9474-1A3956D46DE8}") = "test", "test", "{4D0C9CE0-E5F1-4A2B-9204-8A13A13A753C}"
	ProjectSection(SolutionItems) = preProject
		.gitkeep = .gitkeep
	EndProjectSection
EndProject
Project("{2150E333-8FDC-42A3-9474-1A3956D46DE8}") = "API", "API", "{DB427575-A966-4E94-AC7B-54B74C47E58B}"
	ProjectSection(SolutionItems) = preProject
		.gitkeep = .gitkeep
	EndProjectSection
EndProject
Project("{2150E333-8FDC-42A3-9474-1A3956D46DE8}") = "Core", "Core", "{AF27276C-2B5F-4FE8-8120-FC8B29D6FAD3}"
	ProjectSection(SolutionItems) = preProject
		.gitkeep = .gitkeep
	EndProjectSection
EndProject
Project("{2150E333-8FDC-42A3-9474-1A3956D46DE8}") = "Infrastructure", "Infrastructure", "{88AB20AA-FFE1-46E7-92D4-76B99DF0DBBF}"
	ProjectSection(SolutionItems) = preProject
		.gitkeep = .gitkeep
	EndProjectSection
EndProject
Project("{9A19103F-16F7-4668-BE54-9A1E7A4F7556}") = "ChamberOfSecrets.CollabChamber.Domain", "ChamberOfSecrets.CollabChamber.Domain\ChamberOfSecrets.CollabChamber.Domain.csproj", "{184942E8-98BF-4BEF-B208-78A0DCE86963}"
EndProject
Project("{FAE04EC0-301F-11D3-BF4B-00C04F79EFBC}") = "ChamberOfSecrets.CollabChamber.Application", "ChamberOfSecrets.CollabChamber.Application\ChamberOfSecrets.CollabChamber.Application.csproj", "{EDC93CC9-911F-4DA9-A78B-ACA476D7ED83}"
EndProject
Project("{FAE04EC0-301F-11D3-BF4B-00C04F79EFBC}") = "ChamberOfSecrets.CollabChamber.Infrastructure", "ChamberOfSecrets.CollabChamber.Infrastructure\ChamberOfSecrets.CollabChamber.Infrastructure.csproj", "{A4F0BFDA-64FF-40CE-BD97-D0A8E33697E1}"
EndProject
Global
	GlobalSection(SolutionConfigurationPlatforms) = preSolution
		Debug|Any CPU = Debug|Any CPU
		Release|Any CPU = Release|Any CPU
	EndGlobalSection
	GlobalSection(ProjectConfigurationPlatforms) = postSolution
		{184942E8-98BF-4BEF-B208-78A0DCE86963}.Debug|Any CPU.ActiveCfg = Debug|Any CPU
		{184942E8-98BF-4BEF-B208-78A0DCE86963}.Debug|Any CPU.Build.0 = Debug|Any CPU
		{184942E8-98BF-4BEF-B208-78A0DCE86963}.Release|Any CPU.ActiveCfg = Release|Any CPU
		{184942E8-98BF-4BEF-B208-78A0DCE86963}.Release|Any CPU.Build.0 = Release|Any CPU
		{EDC93CC9-911F-4DA9-A78B-ACA476D7ED83}.Debug|Any CPU.ActiveCfg = Debug|Any CPU
		{EDC93CC9-911F-4DA9-A78B-ACA476D7ED83}.Debug|Any CPU.Build.0 = Debug|Any CPU
		{EDC93CC9-911F-4DA9-A78B-ACA476D7ED83}.Release|Any CPU.ActiveCfg = Release|Any CPU
		{EDC93CC9-911F-4DA9-A78B-ACA476D7ED83}.Release|Any CPU.Build.0 = Release|Any CPU
		{A4F0BFDA-64FF-40CE-BD97-D0A8E33697E1}.Debug|Any CPU.ActiveCfg = Debug|Any CPU
		{A4F0BFDA-64FF-40CE-BD97-D0A8E33697E1}.Debug|Any CPU.Build.0 = Debug|Any CPU
		{A4F0BFDA-64FF-40CE-BD97-D0A8E33697E1}.Release|Any CPU.ActiveCfg = Release|Any CPU
		{A4F0BFDA-64FF-40CE-BD97-D0A8E33697E1}.Release|Any CPU.Build.0 = Release|Any CPU
	EndGlobalSection
	GlobalSection(SolutionProperties) = preSolution
		HideSolutionNode = FALSE
	EndGlobalSection
	GlobalSection(NestedProjects) = preSolution
		{DB427575-A966-4E94-AC7B-54B74C47E58B} = {0732F205-2F65-497A-A696-A2EEFEFBC7C8}
		{AF27276C-2B5F-4FE8-8120-FC8B29D6FAD3} = {0732F205-2F65-497A-A696-A2EEFEFBC7C8}
		{88AB20AA-FFE1-46E7-92D4-76B99DF0DBBF} = {0732F205-2F65-497A-A696-A2EEFEFBC7C8}
		{184942E8-98BF-4BEF-B208-78A0DCE86963} = {AF27276C-2B5F-4FE8-8120-FC8B29D6FAD3}
		{EDC93CC9-911F-4DA9-A78B-ACA476D7ED83} = {AF27276C-2B5F-4FE8-8120-FC8B29D6FAD3}
		{A4F0BFDA-64FF-40CE-BD97-D0A8E33697E1} = {88AB20AA-FFE1-46E7-92D4-76B99DF0DBBF}
	EndGlobalSection
	GlobalSection(ExtensibilityGlobals) = postSolution
		SolutionGuid = {1BB15F23-8251-44F9-80F3-FF6A1385EB4A}
	EndGlobalSection
EndGlobal
